{
  "name": "@volcengine-tls/volclog",
  "version": "1.0.3",
  "lockfileVersion": 3,
  "requires": true,
  "packages": {
    "": {
      "name": "@volcengine-tls/volclog",
      "version": "1.0.3",
      "hasInstallScript": true,
      "license": "Apache-2.0",
      "bin": {
        "volclog": "npm/bin/volclog.js"
      },
      "engines": {
        "node": ">=18"
      }
    }
  }
}
